
Microsoft Visual Studio Solution File, Format Version 12.00
# Visual Studio Version 17
VisualStudioVersion = 17.6.33801.468
MinimumVisualStudioVersion = 10.0.40219.1
Project("{FAE04EC0-301F-11D3-BF4B-00C04F79EFBC}") = "电机驱动板上位机V1.1", "电机驱动板上位机V1.1.csproj", "{0D8FB050-A96C-42F1-809A-667AE5E578FA}"
EndProject
Global
	GlobalSection(SolutionConfigurationPlatforms) = preSolution
		Debug|Any CPU = Debug|Any CPU
		Release|Any CPU = Release|Any CPU
	EndGlobalSection
	GlobalSection(ProjectConfigurationPlatforms) = postSolution
		{0D8FB050-A96C-42F1-809A-667AE5E578FA}.Debug|Any CPU.ActiveCfg = Debug|Any CPU
		{0D8FB050-A96C-42F1-809A-667AE5E578FA}.Debug|Any CPU.Build.0 = Debug|Any CPU
		{0D8FB050-A96C-42F1-809A-667AE5E578FA}.Release|Any CPU.ActiveCfg = Release|Any CPU
		{0D8FB050-A96C-42F1-809A-667AE5E578FA}.Release|Any CPU.Build.0 = Release|Any CPU
	EndGlobalSection
	GlobalSection(SolutionProperties) = preSolution
		HideSolutionNode = FALSE
	EndGlobalSection
	GlobalSection(ExtensibilityGlobals) = postSolution
		SolutionGuid = {40B1EA2A-BFC7-45AA-8969-606C1C11A6AE}
	EndGlobalSection
EndGlobal
